
Microsoft Visual Studio Solution File, Format Version 12.00
# Visual Studio 15
VisualStudioVersion = 15.0.27130.2010
MinimumVisualStudioVersion = 10.0.40219.1
Project("{8BC9CEB8-8B4A-11D0-8D11-00A0C91BC942}") = "server", "server\server.vcxproj", "{78598961-3293-444D-BAEB-3B4EA2E542BE}"
EndProject
Project("{8BC9CEB8-8B4A-11D0-8D11-00A0C91BC942}") = "client", "client\client.vcxproj", "{95EE1109-02EA-4DB8-A6B8-5ACD953D949E}"
EndProject
Project("{8BC9CEB8-8B4A-11D0-8D11-00A0C91BC942}") = "serverGoku", "serverGoku\serverGoku.vcxproj", "{D4308915-A42F-4D36-8D01-425954BCD967}"
EndProject
Project("{8BC9CEB8-8B4A-11D0-8D11-00A0C91BC942}") = "clientGoku", "clientGoku\clientGoku.vcxproj", "{999878AB-C48F-4BB9-9A24-91208CB592D8}"
EndProject
Project("{8BC9CEB8-8B4A-11D0-8D11-00A0C91BC942}") = "testProtocol", "testProtocol\testProtocol.vcxproj", "{A3E82CDC-7F91-48E8-B987-C8E493A6ADA6}"
EndProject
Global
	GlobalSection(SolutionConfigurationPlatforms) = preSolution
		Debug|x64 = Debug|x64
		Debug|x86 = Debug|x86
		Release|x64 = Release|x64
		Release|x86 = Release|x86
	EndGlobalSection
	GlobalSection(ProjectConfigurationPlatforms) = postSolution
		{78598961-3293-444D-BAEB-3B4EA2E542BE}.Debug|x64.ActiveCfg = Debug|x64
		{78598961-3293-444D-BAEB-3B4EA2E542BE}.Debug|x64.Build.0 = Debug|x64
		{78598961-3293-444D-BAEB-3B4EA2E542BE}.Debug|x86.ActiveCfg = Debug|Win32
		{78598961-3293-444D-BAEB-3B4EA2E542BE}.Debug|x86.Build.0 = Debug|Win32
		{78598961-3293-444D-BAEB-3B4EA2E542BE}.Release|x64.ActiveCfg = Release|x64
		{78598961-3293-444D-BAEB-3B4EA2E542BE}.Release|x64.Build.0 = Release|x64
		{78598961-3293-444D-BAEB-3B4EA2E542BE}.Release|x86.ActiveCfg = Release|Win32
		{78598961-3293-444D-BAEB-3B4EA2E542BE}.Release|x86.Build.0 = Release|Win32
		{95EE1109-02EA-4DB8-A6B8-5ACD953D949E}.Debug|x64.ActiveCfg = Debug|x64
		{95EE1109-02EA-4DB8-A6B8-5ACD953D949E}.Debug|x64.Build.0 = Debug|x64
		{95EE1109-02EA-4DB8-A6B8-5ACD953D949E}.Debug|x86.ActiveCfg = Debug|Win32
		{95EE1109-02EA-4DB8-A6B8-5ACD953D949E}.Debug|x86.Build.0 = Debug|Win32
		{95EE1109-02EA-4DB8-A6B8-5ACD953D949E}.Release|x64.ActiveCfg = Release|x64
		{95EE1109-02EA-4DB8-A6B8-5ACD953D949E}.Release|x64.Build.0 = Release|x64
		{95EE1109-02EA-4DB8-A6B8-5ACD953D949E}.Release|x86.ActiveCfg = Release|Win32
		{95EE1109-02EA-4DB8-A6B8-5ACD953D949E}.Release|x86.Build.0 = Release|Win32
		{D4308915-A42F-4D36-8D01-425954BCD967}.Debug|x64.ActiveCfg = Debug|x64
		{D4308915-A42F-4D36-8D01-425954BCD967}.Debug|x64.Build.0 = Debug|x64
		{D4308915-A42F-4D36-8D01-425954BCD967}.Debug|x86.ActiveCfg = Debug|Win32
		{D4308915-A42F-4D36-8D01-425954BCD967}.Debug|x86.Build.0 = Debug|Win32
		{D4308915-A42F-4D36-8D01-425954BCD967}.Release|x64.ActiveCfg = Release|x64
		{D4308915-A42F-4D36-8D01-425954BCD967}.Release|x64.Build.0 = Release|x64
		{D4308915-A42F-4D36-8D01-425954BCD967}.Release|x86.ActiveCfg = Release|Win32
		{D4308915-A42F-4D36-8D01-425954BCD967}.Release|x86.Build.0 = Release|Win32
		{999878AB-C48F-4BB9-9A24-91208CB592D8}.Debug|x64.ActiveCfg = Debug|x64
		{999878AB-C48F-4BB9-9A24-91208CB592D8}.Debug|x64.Build.0 = Debug|x64
		{999878AB-C48F-4BB9-9A24-91208CB592D8}.Debug|x86.ActiveCfg = Debug|Win32
		{999878AB-C48F-4BB9-9A24-91208CB592D8}.Debug|x86.Build.0 = Debug|Win32
		{999878AB-C48F-4BB9-9A24-91208CB592D8}.Release|x64.ActiveCfg = Release|x64
		{999878AB-C48F-4BB9-9A24-91208CB592D8}.Release|x64.Build.0 = Release|x64
		{999878AB-C48F-4BB9-9A24-91208CB592D8}.Release|x86.ActiveCfg = Release|Win32
		{999878AB-C48F-4BB9-9A24-91208CB592D8}.Release|x86.Build.0 = Release|Win32
		{A3E82CDC-7F91-48E8-B987-C8E493A6ADA6}.Debug|x64.ActiveCfg = Debug|x64
		{A3E82CDC-7F91-48E8-B987-C8E493A6ADA6}.Debug|x64.Build.0 = Debug|x64
		{A3E82CDC-7F91-48E8-B987-C8E493A6ADA6}.Debug|x86.ActiveCfg = Debug|Win32
		{A3E82CDC-7F91-48E8-B987-C8E493A6ADA6}.Debug|x86.Build.0 = Debug|Win32
		{A3E82CDC-7F91-48E8-B987-C8E493A6ADA6}.Release|x64.ActiveCfg = Release|x64
		{A3E82CDC-7F91-48E8-B987-C8E493A6ADA6}.Release|x64.Build.0 = Release|x64
		{A3E82CDC-7F91-48E8-B987-C8E493A6ADA6}.Release|x86.ActiveCfg = Release|Win32
		{A3E82CDC-7F91-48E8-B987-C8E493A6ADA6}.Release|x86.Build.0 = Release|Win32
	EndGlobalSection
	GlobalSection(SolutionProperties) = preSolution
		HideSolutionNode = FALSE
	EndGlobalSection
	GlobalSection(ExtensibilityGlobals) = postSolution
		SolutionGuid = {9E8A9C65-178A-4438-B791-F051A7F3EEB7}
	EndGlobalSection
EndGlobal
